// !$*UTF8*$!
{
	archiveVersion = 1;
	classes = {
	};
	objectVersion = 50;
	objects = {

/* Begin PBXBuildFile section */
		C70BFCD90F150671A706BD73 /* Pods_FaceTag.framework in Frameworks */ = {isa = PBXBuildFile; fileRef = CC21096EB25DCC6752A253AB /* Pods_FaceTag.framework */; };
		FE11EA0B2149266900EF4563 /* AnalyzeViewViewController.swift in Sources */ = {isa = PBXBuildFile; fileRef = FE11EA0A2149266900EF4563 /* AnalyzeViewViewController.swift */; };
		FE11EA0D214930CB00EF4563 /* RealAnalyzeViewController.swift in Sources */ = {isa = PBXBuildFile; fileRef = FE11EA0C214930CB00EF4563 /* RealAnalyzeViewController.swift */; };
		FE11EE27213D097C006484B6 /* AppDelegate.swift in Sources */ = {isa = PBXBuildFile; fileRef = FE11EE26213D097C006484B6 /* AppDelegate.swift */; };
		FE11EE29213D097C006484B6 /* ViewController.swift in Sources */ = {isa = PBXBuildFile; fileRef = FE11EE28213D097C006484B6 /* ViewController.swift */; };
		FE11EE2C213D097C006484B6 /* Main.storyboard in Resources */ = {isa = PBXBuildFile; fileRef = FE11EE2A213D097C006484B6 /* Main.storyboard */; };
		FE11EE31213D097C006484B6 /* LaunchScreen.storyboard in Resources */ = {isa = PBXBuildFile; fileRef = FE11EE2F213D097C006484B6 /* LaunchScreen.storyboard */; };
		FE11EE3B213D0DF9006484B6 /* GoogleService-Info.plist in Resources */ = {isa = PBXBuildFile; fileRef = FE11EE3A213D0DF9006484B6 /* GoogleService-Info.plist */; };
		FE3A3FDF214C9AA4004880CD /* photoViewController.swift in Sources */ = {isa = PBXBuildFile; fileRef = FE3A3FDE214C9AA3004880CD /* photoViewController.swift */; };
		FE5550A7215121E300CB21FE /* AnalyzeFinishViewController.swift in Sources */ = {isa = PBXBuildFile; fileRef = FE5550A6215121E300CB21FE /* AnalyzeFinishViewController.swift */; };
		FE5550A921513A8000CB21FE /* AnalyzeChartViewController.swift in Sources */ = {isa = PBXBuildFile; fileRef = FE5550A821513A8000CB21FE /* AnalyzeChartViewController.swift */; };
		FEEB1BA9214BCFF8003E6032 /* Assets.xcassets in Resources */ = {isa = PBXBuildFile; fileRef = FEEB1BA8214BCFF8003E6032 /* Assets.xcassets */; };
		FEFF5B36214CC59400ECB9C9 /* showPhotoViewController.swift in Sources */ = {isa = PBXBuildFile; fileRef = FEFF5B35214CC59400ECB9C9 /* showPhotoViewController.swift */; };
/* End PBXBuildFile section */

/* Begin PBXFileReference section */
		A58167C53D44F5A34B3663B0 /* Pods-FaceTag.release.xcconfig */ = {isa = PBXFileReference; includeInIndex = 1; lastKnownFileType = text.xcconfig; name = "Pods-FaceTag.release.xcconfig"; path = "Pods/Target Support Files/Pods-FaceTag/Pods-FaceTag.release.xcconfig"; sourceTree = "<group>"; };
		CC21096EB25DCC6752A253AB /* Pods_FaceTag.framework */ = {isa = PBXFileReference; explicitFileType = wrapper.framework; includeInIndex = 0; path = Pods_FaceTag.framework; sourceTree = BUILT_PRODUCTS_DIR; };
		F39C65BCF3C0530AB3321921 /* Pods-FaceTag.debug.xcconfig */ = {isa = PBXFileReference; includeInIndex = 1; lastKnownFileType = text.xcconfig; name = "Pods-FaceTag.debug.xcconfig"; path = "Pods/Target Support Files/Pods-FaceTag/Pods-FaceTag.debug.xcconfig"; sourceTree = "<group>"; };
		FE11EA0A2149266900EF4563 /* AnalyzeViewViewController.swift */ = {isa = PBXFileReference; lastKnownFileType = sourcecode.swift; path = AnalyzeViewViewController.swift; sourceTree = "<group>"; };
		FE11EA0C214930CB00EF4563 /* RealAnalyzeViewController.swift */ = {isa = PBXFileReference; lastKnownFileType = sourcecode.swift; path = RealAnalyzeViewController.swift; sourceTree = "<group>"; };
		FE11EE23213D097C006484B6 /* FaceTag.app */ = {isa = PBXFileReference; explicitFileType = wrapper.application; includeInIndex = 0; path = FaceTag.app; sourceTree = BUILT_PRODUCTS_DIR; };
		FE11EE26213D097C006484B6 /* AppDelegate.swift */ = {isa = PBXFileReference; lastKnownFileType = sourcecode.swift; path = AppDelegate.swift; sourceTree = "<group>"; };
		FE11EE28213D097C006484B6 /* ViewController.swift */ = {isa = PBXFileReference; lastKnownFileType = sourcecode.swift; path = ViewController.swift; sourceTree = "<group>"; };
		FE11EE2B213D097C006484B6 /* Base */ = {isa = PBXFileReference; lastKnownFileType = file.storyboard; name = Base; path = Base.lproj/Main.storyboard; sourceTree = "<group>"; };
		FE11EE30213D097C006484B6 /* Base */ = {isa = PBXFileReference; lastKnownFileType = file.storyboard; name = Base; path = Base.lproj/LaunchScreen.storyboard; sourceTree = "<group>"; };
		FE11EE32213D097C006484B6 /* Info.plist */ = {isa = PBXFileReference; lastKnownFileType = text.plist.xml; path = Info.plist; sourceTree = "<group>"; };
		FE11EE3A213D0DF9006484B6 /* GoogleService-Info.plist */ = {isa = PBXFileReference; fileEncoding = 4; lastKnownFileType = text.plist.xml; path = "GoogleService-Info.plist"; sourceTree = "<group>"; };
		FE3A3FDE214C9AA3004880CD /* photoViewController.swift */ = {isa = PBXFileReference; lastKnownFileType = sourcecode.swift; path = photoViewController.swift; sourceTree = "<group>"; };
		FE5550A6215121E300CB21FE /* AnalyzeFinishViewController.swift */ = {isa = PBXFileReference; lastKnownFileType = sourcecode.swift; path = AnalyzeFinishViewController.swift; sourceTree = "<group>"; };
		FE5550A821513A8000CB21FE /* AnalyzeChartViewController.swift */ = {isa = PBXFileReference; lastKnownFileType = sourcecode.swift; path = AnalyzeChartViewController.swift; sourceTree = "<group>"; };
		FEEB1BA8214BCFF8003E6032 /* Assets.xcassets */ = {isa = PBXFileReference; lastKnownFileType = folder.assetcatalog; path = Assets.xcassets; sourceTree = "<group>"; };
		FEFF5B35214CC59400ECB9C9 /* showPhotoViewController.swift */ = {isa = PBXFileReference; lastKnownFileType = sourcecode.swift; path = showPhotoViewController.swift; sourceTree = "<group>"; };
/* End PBXFileReference section */

/* Begin PBXFrameworksBuildPhase section */
		FE11EE20213D097C006484B6 /* Frameworks */ = {
			isa = PBXFrameworksBuildPhase;
			buildActionMask = 2147483647;
			files = (
				C70BFCD90F150671A706BD73 /* Pods_FaceTag.framework in Frameworks */,
			);
			runOnlyForDeploymentPostprocessing = 0;
		};
/* End PBXFrameworksBuildPhase section */

/* Begin PBXGroup section */
		441EF0C78AD157A5AAFE8D53 /* Frameworks */ = {
			isa = PBXGroup;
			children = (
				CC21096EB25DCC6752A253AB /* Pods_FaceTag.framework */,
			);
			name = Frameworks;
			sourceTree = "<group>";
		};
		D840A5B6CF1E1CC13BD90131 /* Pods */ = {
			isa = PBXGroup;
			children = (
				F39C65BCF3C0530AB3321921 /* Pods-FaceTag.debug.xcconfig */,
				A58167C53D44F5A34B3663B0 /* Pods-FaceTag.release.xcconfig */,
			);
			name = Pods;
			sourceTree = "<group>";
		};
		FE11EE1A213D097C006484B6 = {
			isa = PBXGroup;
			children = (
				FE11EE25213D097C006484B6 /* FaceTag */,
				FE11EE24213D097C006484B6 /* Products */,
				D840A5B6CF1E1CC13BD90131 /* Pods */,
				441EF0C78AD157A5AAFE8D53 /* Frameworks */,
			);
			sourceTree = "<group>";
		};
		FE11EE24213D097C006484B6 /* Products */ = {
			isa = PBXGroup;
			children = (
				FE11EE23213D097C006484B6 /* FaceTag.app */,
			);
			name = Products;
			sourceTree = "<group>";
		};
		FE11EE25213D097C006484B6 /* FaceTag */ = {
			isa = PBXGroup;
			children = (
				FE3A3FE2214C9AC8004880CD /* Model */,
				FE3A3FE1214C9AB8004880CD /* View */,
				FE3A3FE0214C9AAA004880CD /* Controller */,
				FE11EE26213D097C006484B6 /* AppDelegate.swift */,
				FE11EE3A213D0DF9006484B6 /* GoogleService-Info.plist */,
				FE11EE32213D097C006484B6 /* Info.plist */,
				FEEB1BA8214BCFF8003E6032 /* Assets.xcassets */,
			);
			path = FaceTag;
			sourceTree = "<group>";
		};
		FE3A3FE0214C9AAA004880CD /* Controller */ = {
			isa = PBXGroup;
			children = (
				FE11EE28213D097C006484B6 /* ViewController.swift */,
				FE11EA0A2149266900EF4563 /* AnalyzeViewViewController.swift */,
				FE11EA0C214930CB00EF4563 /* RealAnalyzeViewController.swift */,
				FE3A3FDE214C9AA3004880CD /* photoViewController.swift */,
				FEFF5B35214CC59400ECB9C9 /* showPhotoViewController.swift */,
				FE5550A6215121E300CB21FE /* AnalyzeFinishViewController.swift */,
				FE5550A821513A8000CB21FE /* AnalyzeChartViewController.swift */,
			);
			path = Controller;
			sourceTree = "<group>";
		};
		FE3A3FE1214C9AB8004880CD /* View */ = {
			isa = PBXGroup;
			children = (
				FE11EE2A213D097C006484B6 /* Main.storyboard */,
				FE11EE2F213D097C006484B6 /* LaunchScreen.storyboard */,
			);
			path = View;
			sourceTree = "<group>";
		};
		FE3A3FE2214C9AC8004880CD /* Model */ = {
			isa = PBXGroup;
			children = (
			);
			path = Model;
			sourceTree = "<group>";
		};
/* End PBXGroup section */

/* Begin PBXNativeTarget section */
		FE11EE22213D097C006484B6 /* FaceTag */ = {
			isa = PBXNativeTarget;
			buildConfigurationList = FE11EE35213D097C006484B6 /* Build configuration list for PBXNativeTarget "FaceTag" */;
			buildPhases = (
				4FA25E787A297F10BAD8AB78 /* [CP] Check Pods Manifest.lock */,
				FE11EE1F213D097C006484B6 /* Sources */,
				FE11EE20213D097C006484B6 /* Frameworks */,
				FE11EE21213D097C006484B6 /* Resources */,
				7B31421ECC13E59B18872187 /* [CP] Embed Pods Frameworks */,
				4D5C7A37B73C60939FCD7509 /* [CP] Copy Pods Resources */,
			);
			buildRules = (
			);
			dependencies = (
			);
			name = FaceTag;
			productName = FaceTag;
			productReference = FE11EE23213D097C006484B6 /* FaceTag.app */;
			productType = "com.apple.product-type.application";
		};
/* End PBXNativeTarget section */

/* Begin PBXProject section */
		FE11EE1B213D097C006484B6 /* Project object */ = {
			isa = PBXProject;
			attributes = {
				LastSwiftUpdateCheck = 0940;
				LastUpgradeCheck = 0940;
				ORGANIZATIONNAME = "SunWoong Choi";
				TargetAttributes = {
					FE11EE22213D097C006484B6 = {
						CreatedOnToolsVersion = 9.4.1;
					};
				};
			};
			buildConfigurationList = FE11EE1E213D097C006484B6 /* Build configuration list for PBXProject "FaceTag" */;
			compatibilityVersion = "Xcode 9.3";
			developmentRegion = en;
			hasScannedForEncodings = 0;
			knownRegions = (
				en,
				Base,
			);
			mainGroup = FE11EE1A213D097C006484B6;
			productRefGroup = FE11EE24213D097C006484B6 /* Products */;
			projectDirPath = "";
			projectRoot = "";
			targets = (
				FE11EE22213D097C006484B6 /* FaceTag */,
			);
		};
/* End PBXProject section */

/* Begin PBXResourcesBuildPhase section */
		FE11EE21213D097C006484B6 /* Resources */ = {
			isa = PBXResourcesBuildPhase;
			buildActionMask = 2147483647;
			files = (
				FE11EE31213D097C006484B6 /* LaunchScreen.storyboard in Resources */,
				FE11EE3B213D0DF9006484B6 /* GoogleService-Info.plist in Resources */,
				FE11EE2C213D097C006484B6 /* Main.storyboard in Resources */,
				FEEB1BA9214BCFF8003E6032 /* Assets.xcassets in Resources */,
			);
			runOnlyForDeploymentPostprocessing = 0;
		};
/* End PBXResourcesBuildPhase section */

/* Begin PBXShellScriptBuildPhase section */
		4D5C7A37B73C60939FCD7509 /* [CP] Copy Pods Resources */ = {
			isa = PBXShellScriptBuildPhase;
			buildActionMask = 2147483647;
			files = (
			);
			inputPaths = (
				"${SRCROOT}/Pods/Target Support Files/Pods-FaceTag/Pods-FaceTag-resources.sh",
				"${PODS_CONFIGURATION_BUILD_DIR}/GoogleMobileVision/GoogleMVFaceDetectorResources.bundle",
			);
			name = "[CP] Copy Pods Resources";
			outputPaths = (
				"${TARGET_BUILD_DIR}/${UNLOCALIZED_RESOURCES_FOLDER_PATH}/GoogleMVFaceDetectorResources.bundle",
			);
			runOnlyForDeploymentPostprocessing = 0;
			shellPath = /bin/sh;
			shellScript = "\"${SRCROOT}/Pods/Target Support Files/Pods-FaceTag/Pods-FaceTag-resources.sh\"\n";
			showEnvVarsInLog = 0;
		};
		4FA25E787A297F10BAD8AB78 /* [CP] Check Pods Manifest.lock */ = {
			isa = PBXShellScriptBuildPhase;
			buildActionMask = 2147483647;
			files = (
			);
			inputPaths = (
				"${PODS_PODFILE_DIR_PATH}/Podfile.lock",
				"${PODS_ROOT}/Manifest.lock",
			);
			name = "[CP] Check Pods Manifest.lock";
			outputPaths = (
				"$(DERIVED_FILE_DIR)/Pods-FaceTag-checkManifestLockResult.txt",
			);
			runOnlyForDeploymentPostprocessing = 0;
			shellPath = /bin/sh;
			shellScript = "diff \"${PODS_PODFILE_DIR_PATH}/Podfile.lock\" \"${PODS_ROOT}/Manifest.lock\" > /dev/null\nif [ $? != 0 ] ; then\n    # print error to STDERR\n    echo \"error: The sandbox is not in sync with the Podfile.lock. Run 'pod install' or update your CocoaPods installation.\" >&2\n    exit 1\nfi\n# This output is used by Xcode 'outputs' to avoid re-running this script phase.\necho \"SUCCESS\" > \"${SCRIPT_OUTPUT_FILE_0}\"\n";
			showEnvVarsInLog = 0;
		};
		7B31421ECC13E59B18872187 /* [CP] Embed Pods Frameworks */ = {
			isa = PBXShellScriptBuildPhase;
			buildActionMask = 2147483647;
			files = (
			);
			inputPaths = (
				"${SRCROOT}/Pods/Target Support Files/Pods-FaceTag/Pods-FaceTag-frameworks.sh",
				"${BUILT_PRODUCTS_DIR}/GTMSessionFetcher/GTMSessionFetcher.framework",
				"${BUILT_PRODUCTS_DIR}/GoogleAPIClientForREST/GoogleAPIClientForREST.framework",
				"${BUILT_PRODUCTS_DIR}/GoogleToolboxForMac/GoogleToolboxForMac.framework",
				"${BUILT_PRODUCTS_DIR}/GoogleUtilities/GoogleUtilities.framework",
				"${BUILT_PRODUCTS_DIR}/Protobuf/Protobuf.framework",
				"${BUILT_PRODUCTS_DIR}/nanopb/nanopb.framework",
			);
			name = "[CP] Embed Pods Frameworks";
			outputPaths = (
				"${TARGET_BUILD_DIR}/${FRAMEWORKS_FOLDER_PATH}/GTMSessionFetcher.framework",
				"${TARGET_BUILD_DIR}/${FRAMEWORKS_FOLDER_PATH}/GoogleAPIClientForREST.framework",
				"${TARGET_BUILD_DIR}/${FRAMEWORKS_FOLDER_PATH}/GoogleToolboxForMac.framework",
				"${TARGET_BUILD_DIR}/${FRAMEWORKS_FOLDER_PATH}/GoogleUtilities.framework",
				"${TARGET_BUILD_DIR}/${FRAMEWORKS_FOLDER_PATH}/Protobuf.framework",
				"${TARGET_BUILD_DIR}/${FRAMEWORKS_FOLDER_PATH}/nanopb.framework",
			);
			runOnlyForDeploymentPostprocessing = 0;
			shellPath = /bin/sh;
			shellScript = "\"${SRCROOT}/Pods/Target Support Files/Pods-FaceTag/Pods-FaceTag-frameworks.sh\"\n";
			showEnvVarsInLog = 0;
		};
/* End PBXShellScriptBuildPhase section */

/* Begin PBXSourcesBuildPhase section */
		FE11EE1F213D097C006484B6 /* Sources */ = {
			isa = PBXSourcesBuildPhase;
			buildActionMask = 2147483647;
			files = (
				FE5550A921513A8000CB21FE /* AnalyzeChartViewController.swift in Sources */,
				FEFF5B36214CC59400ECB9C9 /* showPhotoViewController.swift in Sources */,
				FE3A3FDF214C9AA4004880CD /* photoViewController.swift in Sources */,
				FE11EE29213D097C006484B6 /* ViewController.swift in Sources */,
				FE11EA0D214930CB00EF4563 /* RealAnalyzeViewController.swift in Sources */,
				FE11EA0B2149266900EF4563 /* AnalyzeViewViewController.swift in Sources */,
				FE11EE27213D097C006484B6 /* AppDelegate.swift in Sources */,
				FE5550A7215121E300CB21FE /* AnalyzeFinishViewController.swift in Sources */,
			);
			runOnlyForDeploymentPostprocessing = 0;
		};
/* End PBXSourcesBuildPhase section */

/* Begin PBXVariantGroup section */
		FE11EE2A213D097C006484B6 /* Main.storyboard */ = {
			isa = PBXVariantGroup;
			children = (
				FE11EE2B213D097C006484B6 /* Base */,
			);
			name = Main.storyboard;
			sourceTree = "<group>";
		};
		FE11EE2F213D097C006484B6 /* LaunchScreen.storyboard */ = {
			isa = PBXVariantGroup;
			children = (
				FE11EE30213D097C006484B6 /* Base */,
			);
			name = LaunchScreen.storyboard;
			sourceTree = "<group>";
		};
/* End PBXVariantGroup section */

/* Begin XCBuildConfiguration section */
		FE11EE33213D097C006484B6 /* Debug */ = {
			isa = XCBuildConfiguration;
			buildSettings = {
				ALWAYS_SEARCH_USER_PATHS = NO;
				CLANG_ANALYZER_NONNULL = YES;
				CLANG_ANALYZER_NUMBER_OBJECT_CONVERSION = YES_AGGRESSIVE;
				CLANG_CXX_LANGUAGE_STANDARD = "gnu++14";
				CLANG_CXX_LIBRARY = "libc++";
				CLANG_ENABLE_MODULES = YES;
				CLANG_ENABLE_OBJC_ARC = YES;
				CLANG_ENABLE_OBJC_WEAK = YES;
				CLANG_WARN_BLOCK_CAPTURE_AUTORELEASING = YES;
				CLANG_WARN_BOOL_CONVERSION = YES;
				CLANG_WARN_COMMA = YES;
				CLANG_WARN_CONSTANT_CONVERSION = YES;
				CLANG_WARN_DEPRECATED_OBJC_IMPLEMENTATIONS = YES;
				CLANG_WARN_DIRECT_OBJC_ISA_USAGE = YES_ERROR;
				CLANG_WARN_DOCUMENTATION_COMMENTS = YES;
				CLANG_WARN_EMPTY_BODY = YES;
				CLANG_WARN_ENUM_CONVERSION = YES;
				CLANG_WARN_INFINITE_RECURSION = YES;
				CLANG_WARN_INT_CONVERSION = YES;
				CLANG_WARN_NON_LITERAL_NULL_CONVERSION = YES;
				CLANG_WARN_OBJC_IMPLICIT_RETAIN_SELF = YES;
				CLANG_WARN_OBJC_LITERAL_CONVERSION = YES;
				CLANG_WARN_OBJC_ROOT_CLASS = YES_ERROR;
				CLANG_WARN_RANGE_LOOP_ANALYSIS = YES;
				CLANG_WARN_STRICT_PROTOTYPES = YES;
				CLANG_WARN_SUSPICIOUS_MOVE = YES;
				CLANG_WARN_UNGUARDED_AVAILABILITY = YES_AGGRESSIVE;
				CLANG_WARN_UNREACHABLE_CODE = YES;
				CLANG_WARN__DUPLICATE_METHOD_MATCH = YES;
				CODE_SIGN_IDENTITY = "iPhone Developer";
				COPY_PHASE_STRIP = NO;
				DEBUG_INFORMATION_FORMAT = dwarf;
				ENABLE_STRICT_OBJC_MSGSEND = YES;
				ENABLE_TESTABILITY = YES;
				GCC_C_LANGUAGE_STANDARD = gnu11;
				GCC_DYNAMIC_NO_PIC = NO;
				GCC_NO_COMMON_BLOCKS = YES;
				GCC_OPTIMIZATION_LEVEL = 0;
				GCC_PREPROCESSOR_DEFINITIONS = (
					"DEBUG=1",
					"$(inherited)",
				);
				GCC_WARN_64_TO_32_BIT_CONVERSION = YES;
				GCC_WARN_ABOUT_RETURN_TYPE = YES_ERROR;
				GCC_WARN_UNDECLARED_SELECTOR = YES;
				GCC_WARN_UNINITIALIZED_AUTOS = YES_AGGRESSIVE;
				GCC_WARN_UNUSED_FUNCTION = YES;
				GCC_WARN_UNUSED_VARIABLE = YES;
				IPHONEOS_DEPLOYMENT_TARGET = 11.4;
				MTL_ENABLE_DEBUG_INFO = YES;
				ONLY_ACTIVE_ARCH = YES;
				SDKROOT = iphoneos;
				SWIFT_ACTIVE_COMPILATION_CONDITIONS = DEBUG;
				SWIFT_OPTIMIZATION_LEVEL = "-Onone";
			};
			name = Debug;
		};
		FE11EE34213D097C006484B6 /* Release */ = {
			isa = XCBuildConfiguration;
			buildSettings = {
				ALWAYS_SEARCH_USER_PATHS = NO;
				CLANG_ANALYZER_NONNULL = YES;
				CLANG_ANALYZER_NUMBER_OBJECT_CONVERSION = YES_AGGRESSIVE;
				CLANG_CXX_LANGUAGE_STANDARD = "gnu++14";
				CLANG_CXX_LIBRARY = "libc++";
				CLANG_ENABLE_MODULES = YES;
				CLANG_ENABLE_OBJC_ARC = YES;
				CLANG_ENABLE_OBJC_WEAK = YES;
				CLANG_WARN_BLOCK_CAPTURE_AUTORELEASING = YES;
				CLANG_WARN_BOOL_CONVERSION = YES;
				CLANG_WARN_COMMA = YES;
				CLANG_WARN_CONSTANT_CONVERSION = YES;
				CLANG_WARN_DEPRECATED_OBJC_IMPLEMENTATIONS = YES;
				CLANG_WARN_DIRECT_OBJC_ISA_USAGE = YES_ERROR;
				CLANG_WARN_DOCUMENTATION_COMMENTS = YES;
				CLANG_WARN_EMPTY_BODY = YES;
				CLANG_WARN_ENUM_CONVERSION = YES;
				CLANG_WARN_INFINITE_RECURSION = YES;
				CLANG_WARN_INT_CONVERSION = YES;
				CLANG_WARN_NON_LITERAL_NULL_CONVERSION = YES;
				CLANG_WARN_OBJC_IMPLICIT_RETAIN_SELF = YES;
				CLANG_WARN_OBJC_LITERAL_CONVERSION = YES;
				CLANG_WARN_OBJC_ROOT_CLASS = YES_ERROR;
				CLANG_WARN_RANGE_LOOP_ANALYSIS = YES;
				CLANG_WARN_STRICT_PROTOTYPES = YES;
				CLANG_WARN_SUSPICIOUS_MOVE = YES;
				CLANG_WARN_UNGUARDED_AVAILABILITY = YES_AGGRESSIVE;
				CLANG_WARN_UNREACHABLE_CODE = YES;
				CLANG_WARN__DUPLICATE_METHOD_MATCH = YES;
				CODE_SIGN_IDENTITY = "iPhone Developer";
				COPY_PHASE_STRIP = NO;
				DEBUG_INFORMATION_FORMAT = "dwarf-with-dsym";
				ENABLE_NS_ASSERTIONS = NO;
				ENABLE_STRICT_OBJC_MSGSEND = YES;
				GCC_C_LANGUAGE_STANDARD = gnu11;
				GCC_NO_COMMON_BLOCKS = YES;
				GCC_WARN_64_TO_32_BIT_CONVERSION = YES;
				GCC_WARN_ABOUT_RETURN_TYPE = YES_ERROR;
				GCC_WARN_UNDECLARED_SELECTOR = YES;
				GCC_WARN_UNINITIALIZED_AUTOS = YES_AGGRESSIVE;
				GCC_WARN_UNUSED_FUNCTION = YES;
				GCC_WARN_UNUSED_VARIABLE = YES;
				IPHONEOS_DEPLOYMENT_TARGET = 11.4;
				MTL_ENABLE_DEBUG_INFO = NO;
				SDKROOT = iphoneos;
				SWIFT_COMPILATION_MODE = wholemodule;
				SWIFT_OPTIMIZATION_LEVEL = "-O";
				VALIDATE_PRODUCT = YES;
			};
			name = Release;
		};
		FE11EE36213D097C006484B6 /* Debug */ = {
			isa = XCBuildConfiguration;
			baseConfigurationReference = F39C65BCF3C0530AB3321921 /* Pods-FaceTag.debug.xcconfig */;
			buildSettings = {
				ASSETCATALOG_COMPILER_APPICON_NAME = AppIcon;
				CODE_SIGN_STYLE = Automatic;
				DEVELOPMENT_TEAM = 5CDJF95HBY;
				INFOPLIST_FILE = FaceTag/Info.plist;
				LD_RUNPATH_SEARCH_PATHS = (
					"$(inherited)",
					"@executable_path/Frameworks",
				);
				PRODUCT_BUNDLE_IDENTIFIER = com.applory.FaceTag;
				PRODUCT_NAME = "$(TARGET_NAME)";
				SWIFT_VERSION = 4.0;
				TARGETED_DEVICE_FAMILY = "1,2";
			};
			name = Debug;
		};
		FE11EE37213D097C006484B6 /* Release */ = {
			isa = XCBuildConfiguration;
			baseConfigurationReference = A58167C53D44F5A34B3663B0 /* Pods-FaceTag.release.xcconfig */;
			buildSettings = {
				ASSETCATALOG_COMPILER_APPICON_NAME = AppIcon;
				CODE_SIGN_STYLE = Automatic;
				DEVELOPMENT_TEAM = 5CDJF95HBY;
				INFOPLIST_FILE = FaceTag/Info.plist;
				LD_RUNPATH_SEARCH_PATHS = (
					"$(inherited)",
					"@executable_path/Frameworks",
				);
				PRODUCT_BUNDLE_IDENTIFIER = com.applory.FaceTag;
				PRODUCT_NAME = "$(TARGET_NAME)";
				SWIFT_VERSION = 4.0;
				TARGETED_DEVICE_FAMILY = "1,2";
			};
			name = Release;
		};
/* End XCBuildConfiguration section */

/* Begin XCConfigurationList section */
		FE11EE1E213D097C006484B6 /* Build configuration list for PBXProject "FaceTag" */ = {
			isa = XCConfigurationList;
			buildConfigurations = (
				FE11EE33213D097C006484B6 /* Debug */,
				FE11EE34213D097C006484B6 /* Release */,
			);
			defaultConfigurationIsVisible = 0;
			defaultConfigurationName = Release;
		};
		FE11EE35213D097C006484B6 /* Build configuration list for PBXNativeTarget "FaceTag" */ = {
			isa = XCConfigurationList;
			buildConfigurations = (
				FE11EE36213D097C006484B6 /* Debug */,
				FE11EE37213D097C006484B6 /* Release */,
			);
			defaultConfigurationIsVisible = 0;
			defaultConfigurationName = Release;
		};
/* End XCConfigurationList section */
	};
	rootObject = FE11EE1B213D097C006484B6 /* Project object */;
}
